
Microsoft Visual Studio Solution File, Format Version 12.00
# Visual Studio Version 17
VisualStudioVersion = 17.1.32228.430
MinimumVisualStudioVersion = 10.0.40219.1
Project("{FAE04EC0-301F-11D3-BF4B-00C04F79EFBC}") = "Observer", "Observer\Observer.csproj", "{21FCABB4-B5D3-4439-AA14-471F38B7106C}"
EndProject
Project("{FAE04EC0-301F-11D3-BF4B-00C04F79EFBC}") = "Proxy", "Proxy\Proxy.csproj", "{7CC498C1-11D0-4679-8E2F-41034F53A4EA}"
EndProject
Global
	GlobalSection(SolutionConfigurationPlatforms) = preSolution
		Debug|Any CPU = Debug|Any CPU
		Release|Any CPU = Release|Any CPU
	EndGlobalSection
	GlobalSection(ProjectConfigurationPlatforms) = postSolution
		{21FCABB4-B5D3-4439-AA14-471F38B7106C}.Debug|Any CPU.ActiveCfg = Debug|Any CPU
		{21FCABB4-B5D3-4439-AA14-471F38B7106C}.Debug|Any CPU.Build.0 = Debug|Any CPU
		{21FCABB4-B5D3-4439-AA14-471F38B7106C}.Release|Any CPU.ActiveCfg = Release|Any CPU
		{21FCABB4-B5D3-4439-AA14-471F38B7106C}.Release|Any CPU.Build.0 = Release|Any CPU
		{7CC498C1-11D0-4679-8E2F-41034F53A4EA}.Debug|Any CPU.ActiveCfg = Debug|Any CPU
		{7CC498C1-11D0-4679-8E2F-41034F53A4EA}.Debug|Any CPU.Build.0 = Debug|Any CPU
		{7CC498C1-11D0-4679-8E2F-41034F53A4EA}.Release|Any CPU.ActiveCfg = Release|Any CPU
		{7CC498C1-11D0-4679-8E2F-41034F53A4EA}.Release|Any CPU.Build.0 = Release|Any CPU
	EndGlobalSection
	GlobalSection(SolutionProperties) = preSolution
		HideSolutionNode = FALSE
	EndGlobalSection
	GlobalSection(ExtensibilityGlobals) = postSolution
		SolutionGuid = {4AEA7E64-243C-4D02-A8F7-0DD078893BCE}
	EndGlobalSection
EndGlobal
